
Microsoft Visual Studio Solution File, Format Version 10.00
# Visual Studio 2008
Project("{8BC9CEB8-8B4A-11D0-8D11-00A0C91BC942}") = "UploadService", "UploadService\UploadService.vcproj", "{125F2D7F-9DD3-45A6-8385-72479A0CAD87}"
EndProject
Project("{8BC9CEB8-8B4A-11D0-8D11-00A0C91BC942}") = "ConfigTool", "ConfigTool\ConfigTool.vcproj", "{3BFB6DA5-10F3-4551-8325-7AD8656AA3F1}"
EndProject
Global
	GlobalSection(SolutionConfigurationPlatforms) = preSolution
		Debug|Win32 = Debug|Win32
		Release|Win32 = Release|Win32
	EndGlobalSection
	GlobalSection(ProjectConfigurationPlatforms) = postSolution
		{125F2D7F-9DD3-45A6-8385-72479A0CAD87}.Debug|Win32.ActiveCfg = Debug|Win32
		{125F2D7F-9DD3-45A6-8385-72479A0CAD87}.Debug|Win32.Build.0 = Debug|Win32
		{125F2D7F-9DD3-45A6-8385-72479A0CAD87}.Release|Win32.ActiveCfg = Release|Win32
		{125F2D7F-9DD3-45A6-8385-72479A0CAD87}.Release|Win32.Build.0 = Release|Win32
		{3BFB6DA5-10F3-4551-8325-7AD8656AA3F1}.Debug|Win32.ActiveCfg = Debug|Win32
		{3BFB6DA5-10F3-4551-8325-7AD8656AA3F1}.Debug|Win32.Build.0 = Debug|Win32
		{3BFB6DA5-10F3-4551-8325-7AD8656AA3F1}.Release|Win32.ActiveCfg = Release|Win32
		{3BFB6DA5-10F3-4551-8325-7AD8656AA3F1}.Release|Win32.Build.0 = Release|Win32
	EndGlobalSection
	GlobalSection(SolutionProperties) = preSolution
		HideSolutionNode = FALSE
	EndGlobalSection
EndGlobal
