
Microsoft Visual Studio Solution File, Format Version 10.00
# Visual Studio 2008
Project("{8BC9CEB8-8B4A-11D0-8D11-00A0C91BC942}") = "AtlDemo", "AtlDemo\AtlDemo.vcproj", "{9C4325E7-642C-4B25-887F-63DC89721DC8}"
EndProject
Project("{8BC9CEB8-8B4A-11D0-8D11-00A0C91BC942}") = "t33", "import_dll\t33\t33.vcproj", "{671B6C50-E84C-4F9B-9AAC-C9BDB44EC54A}"
EndProject
Project("{8BC9CEB8-8B4A-11D0-8D11-00A0C91BC942}") = "nptest", "nptest\nptest.vcproj", "{B2D37539-0F18-49CD-A474-EBC0739A2977}"
EndProject
Global
	GlobalSection(SolutionConfigurationPlatforms) = preSolution
		Debug|Win32 = Debug|Win32
		Release|Win32 = Release|Win32
	EndGlobalSection
	GlobalSection(ProjectConfigurationPlatforms) = postSolution
		{9C4325E7-642C-4B25-887F-63DC89721DC8}.Debug|Win32.ActiveCfg = Debug|Win32
		{9C4325E7-642C-4B25-887F-63DC89721DC8}.Debug|Win32.Build.0 = Debug|Win32
		{9C4325E7-642C-4B25-887F-63DC89721DC8}.Release|Win32.ActiveCfg = Release|Win32
		{9C4325E7-642C-4B25-887F-63DC89721DC8}.Release|Win32.Build.0 = Release|Win32
		{671B6C50-E84C-4F9B-9AAC-C9BDB44EC54A}.Debug|Win32.ActiveCfg = Debug|Win32
		{671B6C50-E84C-4F9B-9AAC-C9BDB44EC54A}.Debug|Win32.Build.0 = Debug|Win32
		{671B6C50-E84C-4F9B-9AAC-C9BDB44EC54A}.Release|Win32.ActiveCfg = Release|Win32
		{671B6C50-E84C-4F9B-9AAC-C9BDB44EC54A}.Release|Win32.Build.0 = Release|Win32
		{B2D37539-0F18-49CD-A474-EBC0739A2977}.Debug|Win32.ActiveCfg = Debug|Win32
		{B2D37539-0F18-49CD-A474-EBC0739A2977}.Debug|Win32.Build.0 = Debug|Win32
		{B2D37539-0F18-49CD-A474-EBC0739A2977}.Release|Win32.ActiveCfg = Release|Win32
		{B2D37539-0F18-49CD-A474-EBC0739A2977}.Release|Win32.Build.0 = Release|Win32
	EndGlobalSection
	GlobalSection(SolutionProperties) = preSolution
		HideSolutionNode = FALSE
	EndGlobalSection
EndGlobal
