
Microsoft Visual Studio Solution File, Format Version 10.00
# Visual Studio 2008
Project("{8BC9CEB8-8B4A-11D0-8D11-00A0C91BC942}") = "HIK_SL", "HIK_SL\HIK_SL.vcproj", "{109EEB5D-CA44-4D76-B704-DC63CE405DF2}"
EndProject
Global
	GlobalSection(SolutionConfigurationPlatforms) = preSolution
		Debug|Win32 = Debug|Win32
		Release|Win32 = Release|Win32
	EndGlobalSection
	GlobalSection(ProjectConfigurationPlatforms) = postSolution
		{109EEB5D-CA44-4D76-B704-DC63CE405DF2}.Debug|Win32.ActiveCfg = Debug|Win32
		{109EEB5D-CA44-4D76-B704-DC63CE405DF2}.Debug|Win32.Build.0 = Debug|Win32
		{109EEB5D-CA44-4D76-B704-DC63CE405DF2}.Release|Win32.ActiveCfg = Release|Win32
		{109EEB5D-CA44-4D76-B704-DC63CE405DF2}.Release|Win32.Build.0 = Release|Win32
	EndGlobalSection
	GlobalSection(SolutionProperties) = preSolution
		HideSolutionNode = FALSE
	EndGlobalSection
EndGlobal
