
Microsoft Visual Studio Solution File, Format Version 10.00
# Visual Studio 2008
Project("{8BC9CEB8-8B4A-11D0-8D11-00A0C91BC942}") = "HttpClient", "HttpClient.vcproj", "{2C14DC7F-0132-49DA-B724-71915B6CB742}"
EndProject
Project("{8BC9CEB8-8B4A-11D0-8D11-00A0C91BC942}") = "HttpTest", "HttpTest\HttpTest.vcproj", "{F9C4DD89-DA5B-474F-B112-20A3E5C4FD53}"
EndProject
Global
	GlobalSection(SolutionConfigurationPlatforms) = preSolution
		Debug|Win32 = Debug|Win32
		Release|Win32 = Release|Win32
	EndGlobalSection
	GlobalSection(ProjectConfigurationPlatforms) = postSolution
		{2C14DC7F-0132-49DA-B724-71915B6CB742}.Debug|Win32.ActiveCfg = Debug|Win32
		{2C14DC7F-0132-49DA-B724-71915B6CB742}.Debug|Win32.Build.0 = Debug|Win32
		{2C14DC7F-0132-49DA-B724-71915B6CB742}.Release|Win32.ActiveCfg = Release|Win32
		{2C14DC7F-0132-49DA-B724-71915B6CB742}.Release|Win32.Build.0 = Release|Win32
		{F9C4DD89-DA5B-474F-B112-20A3E5C4FD53}.Debug|Win32.ActiveCfg = Debug|Win32
		{F9C4DD89-DA5B-474F-B112-20A3E5C4FD53}.Debug|Win32.Build.0 = Debug|Win32
		{F9C4DD89-DA5B-474F-B112-20A3E5C4FD53}.Release|Win32.ActiveCfg = Release|Win32
		{F9C4DD89-DA5B-474F-B112-20A3E5C4FD53}.Release|Win32.Build.0 = Release|Win32
	EndGlobalSection
	GlobalSection(SolutionProperties) = preSolution
		HideSolutionNode = FALSE
	EndGlobalSection
EndGlobal
