
Microsoft Visual Studio Solution File, Format Version 10.00
# Visual Studio 2008
Project("{8BC9CEB8-8B4A-11D0-8D11-00A0C91BC942}") = "AE_USBDemo", "AE_USBDemo\AE_USBDemo.vcproj", "{D6588073-D2B7-469B-AB1A-94A7FDEFF244}"
EndProject
Global
	GlobalSection(SolutionConfigurationPlatforms) = preSolution
		Debug|Win32 = Debug|Win32
		Release|Win32 = Release|Win32
	EndGlobalSection
	GlobalSection(ProjectConfigurationPlatforms) = postSolution
		{D6588073-D2B7-469B-AB1A-94A7FDEFF244}.Debug|Win32.ActiveCfg = Debug|Win32
		{D6588073-D2B7-469B-AB1A-94A7FDEFF244}.Debug|Win32.Build.0 = Debug|Win32
		{D6588073-D2B7-469B-AB1A-94A7FDEFF244}.Release|Win32.ActiveCfg = Release|Win32
		{D6588073-D2B7-469B-AB1A-94A7FDEFF244}.Release|Win32.Build.0 = Release|Win32
	EndGlobalSection
	GlobalSection(SolutionProperties) = preSolution
		HideSolutionNode = FALSE
	EndGlobalSection
EndGlobal
