
Microsoft Visual Studio Solution File, Format Version 10.00
# Visual Studio 2008
Project("{8BC9CEB8-8B4A-11D0-8D11-00A0C91BC942}") = "DemoWSInterfece", "DemoWSInterfece\DemoWSInterfece.vcproj", "{A58C2AA8-6A81-4134-BA99-BD7778203316}"
EndProject
Global
	GlobalSection(SolutionConfigurationPlatforms) = preSolution
		Debug|Win32 = Debug|Win32
		Release|Win32 = Release|Win32
	EndGlobalSection
	GlobalSection(ProjectConfigurationPlatforms) = postSolution
		{A58C2AA8-6A81-4134-BA99-BD7778203316}.Debug|Win32.ActiveCfg = Debug|Win32
		{A58C2AA8-6A81-4134-BA99-BD7778203316}.Debug|Win32.Build.0 = Debug|Win32
		{A58C2AA8-6A81-4134-BA99-BD7778203316}.Release|Win32.ActiveCfg = Release|Win32
		{A58C2AA8-6A81-4134-BA99-BD7778203316}.Release|Win32.Build.0 = Release|Win32
	EndGlobalSection
	GlobalSection(SolutionProperties) = preSolution
		HideSolutionNode = FALSE
	EndGlobalSection
EndGlobal
