
Microsoft Visual Studio Solution File, Format Version 10.00
# Visual Studio 2008
Project("{8BC9CEB8-8B4A-11D0-8D11-00A0C91BC942}") = "ATPRemoteCtrl", "ATPRemoteCtrl.vcproj", "{2CB43F93-DB27-4107-970B-A67C5E7DC1A3}"
EndProject
Global
	GlobalSection(SolutionConfigurationPlatforms) = preSolution
		Debug|Win32 = Debug|Win32
		Release|Win32 = Release|Win32
	EndGlobalSection
	GlobalSection(ProjectConfigurationPlatforms) = postSolution
		{2CB43F93-DB27-4107-970B-A67C5E7DC1A3}.Debug|Win32.ActiveCfg = Debug|Win32
		{2CB43F93-DB27-4107-970B-A67C5E7DC1A3}.Debug|Win32.Build.0 = Debug|Win32
		{2CB43F93-DB27-4107-970B-A67C5E7DC1A3}.Release|Win32.ActiveCfg = Release|Win32
		{2CB43F93-DB27-4107-970B-A67C5E7DC1A3}.Release|Win32.Build.0 = Release|Win32
	EndGlobalSection
	GlobalSection(SolutionProperties) = preSolution
		HideSolutionNode = FALSE
	EndGlobalSection
EndGlobal
